
Microsoft Visual Studio Solution File, Format Version 12.00
# Visual Studio Version 16
VisualStudioVersion = 16.0.28721.148
MinimumVisualStudioVersion = 10.0.40219.1
Project("{8BC9CEB8-8B4A-11D0-8D11-00A0C91BC942}") = "Task_1", "Task_1\Task_1.vcxproj", "{62CFBFF0-1CE0-416D-BB8D-0CED36E9DAA5}"
EndProject
Project("{8BC9CEB8-8B4A-11D0-8D11-00A0C91BC942}") = "Task_2", "Task_2\Task_2.vcxproj", "{4B13C0CA-8619-4111-A209-1076B35C08A6}"
EndProject
Project("{8BC9CEB8-8B4A-11D0-8D11-00A0C91BC942}") = "Task_3", "Task_3\Task_3.vcxproj", "{54B62D22-8F13-410B-9EC5-6556341D1AAB}"
EndProject
Project("{8BC9CEB8-8B4A-11D0-8D11-00A0C91BC942}") = "Task_4", "Task_4\Task_4.vcxproj", "{22F588E0-A4FB-4703-ADD8-AB6BF6A12537}"
EndProject
Global
	GlobalSection(SolutionConfigurationPlatforms) = preSolution
		Debug|x64 = Debug|x64
		Debug|x86 = Debug|x86
		Release|x64 = Release|x64
		Release|x86 = Release|x86
	EndGlobalSection
	GlobalSection(ProjectConfigurationPlatforms) = postSolution
		{62CFBFF0-1CE0-416D-BB8D-0CED36E9DAA5}.Debug|x64.ActiveCfg = Debug|x64
		{62CFBFF0-1CE0-416D-BB8D-0CED36E9DAA5}.Debug|x64.Build.0 = Debug|x64
		{62CFBFF0-1CE0-416D-BB8D-0CED36E9DAA5}.Debug|x86.ActiveCfg = Debug|Win32
		{62CFBFF0-1CE0-416D-BB8D-0CED36E9DAA5}.Debug|x86.Build.0 = Debug|Win32
		{62CFBFF0-1CE0-416D-BB8D-0CED36E9DAA5}.Release|x64.ActiveCfg = Release|x64
		{62CFBFF0-1CE0-416D-BB8D-0CED36E9DAA5}.Release|x64.Build.0 = Release|x64
		{62CFBFF0-1CE0-416D-BB8D-0CED36E9DAA5}.Release|x86.ActiveCfg = Release|Win32
		{62CFBFF0-1CE0-416D-BB8D-0CED36E9DAA5}.Release|x86.Build.0 = Release|Win32
		{4B13C0CA-8619-4111-A209-1076B35C08A6}.Debug|x64.ActiveCfg = Debug|x64
		{4B13C0CA-8619-4111-A209-1076B35C08A6}.Debug|x64.Build.0 = Debug|x64
		{4B13C0CA-8619-4111-A209-1076B35C08A6}.Debug|x86.ActiveCfg = Debug|Win32
		{4B13C0CA-8619-4111-A209-1076B35C08A6}.Debug|x86.Build.0 = Debug|Win32
		{4B13C0CA-8619-4111-A209-1076B35C08A6}.Release|x64.ActiveCfg = Release|x64
		{4B13C0CA-8619-4111-A209-1076B35C08A6}.Release|x64.Build.0 = Release|x64
		{4B13C0CA-8619-4111-A209-1076B35C08A6}.Release|x86.ActiveCfg = Release|Win32
		{4B13C0CA-8619-4111-A209-1076B35C08A6}.Release|x86.Build.0 = Release|Win32
		{54B62D22-8F13-410B-9EC5-6556341D1AAB}.Debug|x64.ActiveCfg = Debug|x64
		{54B62D22-8F13-410B-9EC5-6556341D1AAB}.Debug|x64.Build.0 = Debug|x64
		{54B62D22-8F13-410B-9EC5-6556341D1AAB}.Debug|x86.ActiveCfg = Debug|Win32
		{54B62D22-8F13-410B-9EC5-6556341D1AAB}.Debug|x86.Build.0 = Debug|Win32
		{54B62D22-8F13-410B-9EC5-6556341D1AAB}.Release|x64.ActiveCfg = Release|x64
		{54B62D22-8F13-410B-9EC5-6556341D1AAB}.Release|x64.Build.0 = Release|x64
		{54B62D22-8F13-410B-9EC5-6556341D1AAB}.Release|x86.ActiveCfg = Release|Win32
		{54B62D22-8F13-410B-9EC5-6556341D1AAB}.Release|x86.Build.0 = Release|Win32
		{22F588E0-A4FB-4703-ADD8-AB6BF6A12537}.Debug|x64.ActiveCfg = Debug|x64
		{22F588E0-A4FB-4703-ADD8-AB6BF6A12537}.Debug|x64.Build.0 = Debug|x64
		{22F588E0-A4FB-4703-ADD8-AB6BF6A12537}.Debug|x86.ActiveCfg = Debug|Win32
		{22F588E0-A4FB-4703-ADD8-AB6BF6A12537}.Debug|x86.Build.0 = Debug|Win32
		{22F588E0-A4FB-4703-ADD8-AB6BF6A12537}.Release|x64.ActiveCfg = Release|x64
		{22F588E0-A4FB-4703-ADD8-AB6BF6A12537}.Release|x64.Build.0 = Release|x64
		{22F588E0-A4FB-4703-ADD8-AB6BF6A12537}.Release|x86.ActiveCfg = Release|Win32
		{22F588E0-A4FB-4703-ADD8-AB6BF6A12537}.Release|x86.Build.0 = Release|Win32
	EndGlobalSection
	GlobalSection(SolutionProperties) = preSolution
		HideSolutionNode = FALSE
	EndGlobalSection
	GlobalSection(ExtensibilityGlobals) = postSolution
		SolutionGuid = {82519638-9EB4-48F9-9681-0C807137BDEA}
	EndGlobalSection
EndGlobal
