
Microsoft Visual Studio Solution File, Format Version 12.00
# Visual Studio 15
VisualStudioVersion = 15.0.28307.329
MinimumVisualStudioVersion = 10.0.40219.1
Project("{8BC9CEB8-8B4A-11D0-8D11-00A0C91BC942}") = "Task_1", "Task_1\Task_1.vcxproj", "{DDFD55DC-1446-4286-9D3D-8090E96349EB}"
EndProject
Project("{8BC9CEB8-8B4A-11D0-8D11-00A0C91BC942}") = "Task_2", "Task_2\Task_2.vcxproj", "{0355D05A-723F-4ECF-9B89-1FB574C3C9A6}"
EndProject
Project("{8BC9CEB8-8B4A-11D0-8D11-00A0C91BC942}") = "Task_3", "Task_3\Task_3.vcxproj", "{A03D0ED8-C17D-4603-B691-9464F8F1E06A}"
EndProject
Project("{8BC9CEB8-8B4A-11D0-8D11-00A0C91BC942}") = "Task_4", "Task_4\Task_4.vcxproj", "{81CFB13E-0C99-4A65-980C-A9110FD2D8F3}"
EndProject
Project("{8BC9CEB8-8B4A-11D0-8D11-00A0C91BC942}") = "Task_5", "Task_5\Task_5.vcxproj", "{4A4305A5-CAA8-498F-865A-81ED7B8A6463}"
EndProject
Project("{8BC9CEB8-8B4A-11D0-8D11-00A0C91BC942}") = "Task_6", "Task_6\Task_6.vcxproj", "{61A0DD9F-A29C-4E32-8141-29C3A63CC71E}"
EndProject
Project("{8BC9CEB8-8B4A-11D0-8D11-00A0C91BC942}") = "Task_7", "Task_7\Task_7.vcxproj", "{F41E2520-D6C4-4E72-A626-CB3841E56280}"
EndProject
Project("{8BC9CEB8-8B4A-11D0-8D11-00A0C91BC942}") = "Task_8", "Task_8\Task_8.vcxproj", "{22BE2E54-0D57-4DB6-BA06-1454B4902839}"
EndProject
Project("{8BC9CEB8-8B4A-11D0-8D11-00A0C91BC942}") = "Task_9", "Task_9\Task_9.vcxproj", "{982E311E-968C-4715-B23A-E9FFE1E12FBF}"
EndProject
Global
	GlobalSection(SolutionConfigurationPlatforms) = preSolution
		Debug|x64 = Debug|x64
		Debug|x86 = Debug|x86
		Release|x64 = Release|x64
		Release|x86 = Release|x86
	EndGlobalSection
	GlobalSection(ProjectConfigurationPlatforms) = postSolution
		{DDFD55DC-1446-4286-9D3D-8090E96349EB}.Debug|x64.ActiveCfg = Debug|x64
		{DDFD55DC-1446-4286-9D3D-8090E96349EB}.Debug|x64.Build.0 = Debug|x64
		{DDFD55DC-1446-4286-9D3D-8090E96349EB}.Debug|x86.ActiveCfg = Debug|Win32
		{DDFD55DC-1446-4286-9D3D-8090E96349EB}.Debug|x86.Build.0 = Debug|Win32
		{DDFD55DC-1446-4286-9D3D-8090E96349EB}.Release|x64.ActiveCfg = Release|x64
		{DDFD55DC-1446-4286-9D3D-8090E96349EB}.Release|x64.Build.0 = Release|x64
		{DDFD55DC-1446-4286-9D3D-8090E96349EB}.Release|x86.ActiveCfg = Release|Win32
		{DDFD55DC-1446-4286-9D3D-8090E96349EB}.Release|x86.Build.0 = Release|Win32
		{0355D05A-723F-4ECF-9B89-1FB574C3C9A6}.Debug|x64.ActiveCfg = Debug|x64
		{0355D05A-723F-4ECF-9B89-1FB574C3C9A6}.Debug|x64.Build.0 = Debug|x64
		{0355D05A-723F-4ECF-9B89-1FB574C3C9A6}.Debug|x86.ActiveCfg = Debug|Win32
		{0355D05A-723F-4ECF-9B89-1FB574C3C9A6}.Debug|x86.Build.0 = Debug|Win32
		{0355D05A-723F-4ECF-9B89-1FB574C3C9A6}.Release|x64.ActiveCfg = Release|x64
		{0355D05A-723F-4ECF-9B89-1FB574C3C9A6}.Release|x64.Build.0 = Release|x64
		{0355D05A-723F-4ECF-9B89-1FB574C3C9A6}.Release|x86.ActiveCfg = Release|Win32
		{0355D05A-723F-4ECF-9B89-1FB574C3C9A6}.Release|x86.Build.0 = Release|Win32
		{A03D0ED8-C17D-4603-B691-9464F8F1E06A}.Debug|x64.ActiveCfg = Debug|x64
		{A03D0ED8-C17D-4603-B691-9464F8F1E06A}.Debug|x64.Build.0 = Debug|x64
		{A03D0ED8-C17D-4603-B691-9464F8F1E06A}.Debug|x86.ActiveCfg = Debug|Win32
		{A03D0ED8-C17D-4603-B691-9464F8F1E06A}.Debug|x86.Build.0 = Debug|Win32
		{A03D0ED8-C17D-4603-B691-9464F8F1E06A}.Release|x64.ActiveCfg = Release|x64
		{A03D0ED8-C17D-4603-B691-9464F8F1E06A}.Release|x64.Build.0 = Release|x64
		{A03D0ED8-C17D-4603-B691-9464F8F1E06A}.Release|x86.ActiveCfg = Release|Win32
		{A03D0ED8-C17D-4603-B691-9464F8F1E06A}.Release|x86.Build.0 = Release|Win32
		{81CFB13E-0C99-4A65-980C-A9110FD2D8F3}.Debug|x64.ActiveCfg = Debug|x64
		{81CFB13E-0C99-4A65-980C-A9110FD2D8F3}.Debug|x64.Build.0 = Debug|x64
		{81CFB13E-0C99-4A65-980C-A9110FD2D8F3}.Debug|x86.ActiveCfg = Debug|Win32
		{81CFB13E-0C99-4A65-980C-A9110FD2D8F3}.Debug|x86.Build.0 = Debug|Win32
		{81CFB13E-0C99-4A65-980C-A9110FD2D8F3}.Release|x64.ActiveCfg = Release|x64
		{81CFB13E-0C99-4A65-980C-A9110FD2D8F3}.Release|x64.Build.0 = Release|x64
		{81CFB13E-0C99-4A65-980C-A9110FD2D8F3}.Release|x86.ActiveCfg = Release|Win32
		{81CFB13E-0C99-4A65-980C-A9110FD2D8F3}.Release|x86.Build.0 = Release|Win32
		{4A4305A5-CAA8-498F-865A-81ED7B8A6463}.Debug|x64.ActiveCfg = Debug|x64
		{4A4305A5-CAA8-498F-865A-81ED7B8A6463}.Debug|x64.Build.0 = Debug|x64
		{4A4305A5-CAA8-498F-865A-81ED7B8A6463}.Debug|x86.ActiveCfg = Debug|Win32
		{4A4305A5-CAA8-498F-865A-81ED7B8A6463}.Debug|x86.Build.0 = Debug|Win32
		{4A4305A5-CAA8-498F-865A-81ED7B8A6463}.Release|x64.ActiveCfg = Release|x64
		{4A4305A5-CAA8-498F-865A-81ED7B8A6463}.Release|x64.Build.0 = Release|x64
		{4A4305A5-CAA8-498F-865A-81ED7B8A6463}.Release|x86.ActiveCfg = Release|Win32
		{4A4305A5-CAA8-498F-865A-81ED7B8A6463}.Release|x86.Build.0 = Release|Win32
		{61A0DD9F-A29C-4E32-8141-29C3A63CC71E}.Debug|x64.ActiveCfg = Debug|x64
		{61A0DD9F-A29C-4E32-8141-29C3A63CC71E}.Debug|x64.Build.0 = Debug|x64
		{61A0DD9F-A29C-4E32-8141-29C3A63CC71E}.Debug|x86.ActiveCfg = Debug|Win32
		{61A0DD9F-A29C-4E32-8141-29C3A63CC71E}.Debug|x86.Build.0 = Debug|Win32
		{61A0DD9F-A29C-4E32-8141-29C3A63CC71E}.Release|x64.ActiveCfg = Release|x64
		{61A0DD9F-A29C-4E32-8141-29C3A63CC71E}.Release|x64.Build.0 = Release|x64
		{61A0DD9F-A29C-4E32-8141-29C3A63CC71E}.Release|x86.ActiveCfg = Release|Win32
		{61A0DD9F-A29C-4E32-8141-29C3A63CC71E}.Release|x86.Build.0 = Release|Win32
		{F41E2520-D6C4-4E72-A626-CB3841E56280}.Debug|x64.ActiveCfg = Debug|x64
		{F41E2520-D6C4-4E72-A626-CB3841E56280}.Debug|x64.Build.0 = Debug|x64
		{F41E2520-D6C4-4E72-A626-CB3841E56280}.Debug|x86.ActiveCfg = Debug|Win32
		{F41E2520-D6C4-4E72-A626-CB3841E56280}.Debug|x86.Build.0 = Debug|Win32
		{F41E2520-D6C4-4E72-A626-CB3841E56280}.Release|x64.ActiveCfg = Release|x64
		{F41E2520-D6C4-4E72-A626-CB3841E56280}.Release|x64.Build.0 = Release|x64
		{F41E2520-D6C4-4E72-A626-CB3841E56280}.Release|x86.ActiveCfg = Release|Win32
		{F41E2520-D6C4-4E72-A626-CB3841E56280}.Release|x86.Build.0 = Release|Win32
		{22BE2E54-0D57-4DB6-BA06-1454B4902839}.Debug|x64.ActiveCfg = Debug|x64
		{22BE2E54-0D57-4DB6-BA06-1454B4902839}.Debug|x64.Build.0 = Debug|x64
		{22BE2E54-0D57-4DB6-BA06-1454B4902839}.Debug|x86.ActiveCfg = Debug|Win32
		{22BE2E54-0D57-4DB6-BA06-1454B4902839}.Debug|x86.Build.0 = Debug|Win32
		{22BE2E54-0D57-4DB6-BA06-1454B4902839}.Release|x64.ActiveCfg = Release|x64
		{22BE2E54-0D57-4DB6-BA06-1454B4902839}.Release|x64.Build.0 = Release|x64
		{22BE2E54-0D57-4DB6-BA06-1454B4902839}.Release|x86.ActiveCfg = Release|Win32
		{22BE2E54-0D57-4DB6-BA06-1454B4902839}.Release|x86.Build.0 = Release|Win32
		{982E311E-968C-4715-B23A-E9FFE1E12FBF}.Debug|x64.ActiveCfg = Debug|x64
		{982E311E-968C-4715-B23A-E9FFE1E12FBF}.Debug|x64.Build.0 = Debug|x64
		{982E311E-968C-4715-B23A-E9FFE1E12FBF}.Debug|x86.ActiveCfg = Debug|Win32
		{982E311E-968C-4715-B23A-E9FFE1E12FBF}.Debug|x86.Build.0 = Debug|Win32
		{982E311E-968C-4715-B23A-E9FFE1E12FBF}.Release|x64.ActiveCfg = Release|x64
		{982E311E-968C-4715-B23A-E9FFE1E12FBF}.Release|x64.Build.0 = Release|x64
		{982E311E-968C-4715-B23A-E9FFE1E12FBF}.Release|x86.ActiveCfg = Release|Win32
		{982E311E-968C-4715-B23A-E9FFE1E12FBF}.Release|x86.Build.0 = Release|Win32
	EndGlobalSection
	GlobalSection(SolutionProperties) = preSolution
		HideSolutionNode = FALSE
	EndGlobalSection
	GlobalSection(ExtensibilityGlobals) = postSolution
		SolutionGuid = {90ECB165-DDD1-45AD-8440-C1AA4D4C3734}
	EndGlobalSection
EndGlobal
