
Microsoft Visual Studio Solution File, Format Version 12.00
# Visual Studio 15
VisualStudioVersion = 15.0.28307.572
MinimumVisualStudioVersion = 10.0.40219.1
Project("{8BC9CEB8-8B4A-11D0-8D11-00A0C91BC942}") = "Task_1", "Task_1\Task_1.vcxproj", "{A28E07F6-30CE-4636-B591-7509DC9C2627}"
EndProject
Project("{8BC9CEB8-8B4A-11D0-8D11-00A0C91BC942}") = "Task_2", "Task_2\Task_2.vcxproj", "{46221B03-5704-4982-99AC-70047BC77A6A}"
EndProject
Project("{8BC9CEB8-8B4A-11D0-8D11-00A0C91BC942}") = "Task_3", "Task_3\Task_3.vcxproj", "{A2682DEE-D28F-45C7-9230-112E31166DE8}"
EndProject
Project("{8BC9CEB8-8B4A-11D0-8D11-00A0C91BC942}") = "Task_4", "Task_4\Task_4.vcxproj", "{C54B2527-2CEE-4EDE-A56E-393EE2FB2E0C}"
EndProject
Project("{8BC9CEB8-8B4A-11D0-8D11-00A0C91BC942}") = "Task_5", "Task_5\Task_5.vcxproj", "{40EE2AB8-6F05-4647-B950-B71F83A1D9CC}"
EndProject
Project("{8BC9CEB8-8B4A-11D0-8D11-00A0C91BC942}") = "Task_6", "Task_6\Task_6.vcxproj", "{76E9AC10-D04C-47E1-AA53-DE0E0A140B98}"
EndProject
Project("{8BC9CEB8-8B4A-11D0-8D11-00A0C91BC942}") = "Task_7", "Task_7\Task_7.vcxproj", "{EB211229-299F-441E-83FC-E5571524644D}"
EndProject
Project("{8BC9CEB8-8B4A-11D0-8D11-00A0C91BC942}") = "Task_8", "Task_8\Task_8.vcxproj", "{7E5075BE-9B63-4BB1-AE5F-19208803700E}"
EndProject
Project("{8BC9CEB8-8B4A-11D0-8D11-00A0C91BC942}") = "Task_9", "Task_9\Task_9.vcxproj", "{CB2BCDB2-790F-4365-BCE4-72DD4F74EFE4}"
EndProject
Project("{8BC9CEB8-8B4A-11D0-8D11-00A0C91BC942}") = "Task_10", "Task_10\Task_10.vcxproj", "{3344E44C-4E9E-4707-9106-0FDD60EFBF8C}"
EndProject
Project("{8BC9CEB8-8B4A-11D0-8D11-00A0C91BC942}") = "Task_11", "Task_11\Task_11.vcxproj", "{6286A03E-7CB7-412F-8CFD-6BDF6B90DBBE}"
EndProject
Project("{8BC9CEB8-8B4A-11D0-8D11-00A0C91BC942}") = "Task_12", "Task_12\Task_12.vcxproj", "{2C28A694-0243-4556-87BD-ACA3991D8AC5}"
EndProject
Project("{8BC9CEB8-8B4A-11D0-8D11-00A0C91BC942}") = "Task_13", "Task_13\Task_13.vcxproj", "{1B6F1EB4-6AAA-4B7E-BDBB-271B810CD7F9}"
EndProject
Project("{8BC9CEB8-8B4A-11D0-8D11-00A0C91BC942}") = "Task_14", "Task_14\Task_14.vcxproj", "{8688E9CA-D941-4F83-9E2C-3012025B0C31}"
EndProject
Project("{8BC9CEB8-8B4A-11D0-8D11-00A0C91BC942}") = "Task_15", "Task_15\Task_15.vcxproj", "{303488AC-4CCB-4EBC-AC1C-0681E3E86049}"
EndProject
Project("{8BC9CEB8-8B4A-11D0-8D11-00A0C91BC942}") = "Task_16", "Task_16\Task_16.vcxproj", "{AA9D217C-3F16-49DA-9ECA-27582E809ACD}"
EndProject
Global
	GlobalSection(SolutionConfigurationPlatforms) = preSolution
		Debug|x64 = Debug|x64
		Debug|x86 = Debug|x86
		Release|x64 = Release|x64
		Release|x86 = Release|x86
	EndGlobalSection
	GlobalSection(ProjectConfigurationPlatforms) = postSolution
		{A28E07F6-30CE-4636-B591-7509DC9C2627}.Debug|x64.ActiveCfg = Debug|x64
		{A28E07F6-30CE-4636-B591-7509DC9C2627}.Debug|x64.Build.0 = Debug|x64
		{A28E07F6-30CE-4636-B591-7509DC9C2627}.Debug|x86.ActiveCfg = Debug|Win32
		{A28E07F6-30CE-4636-B591-7509DC9C2627}.Debug|x86.Build.0 = Debug|Win32
		{A28E07F6-30CE-4636-B591-7509DC9C2627}.Release|x64.ActiveCfg = Release|x64
		{A28E07F6-30CE-4636-B591-7509DC9C2627}.Release|x64.Build.0 = Release|x64
		{A28E07F6-30CE-4636-B591-7509DC9C2627}.Release|x86.ActiveCfg = Release|Win32
		{A28E07F6-30CE-4636-B591-7509DC9C2627}.Release|x86.Build.0 = Release|Win32
		{46221B03-5704-4982-99AC-70047BC77A6A}.Debug|x64.ActiveCfg = Debug|x64
		{46221B03-5704-4982-99AC-70047BC77A6A}.Debug|x64.Build.0 = Debug|x64
		{46221B03-5704-4982-99AC-70047BC77A6A}.Debug|x86.ActiveCfg = Debug|Win32
		{46221B03-5704-4982-99AC-70047BC77A6A}.Debug|x86.Build.0 = Debug|Win32
		{46221B03-5704-4982-99AC-70047BC77A6A}.Release|x64.ActiveCfg = Release|x64
		{46221B03-5704-4982-99AC-70047BC77A6A}.Release|x64.Build.0 = Release|x64
		{46221B03-5704-4982-99AC-70047BC77A6A}.Release|x86.ActiveCfg = Release|Win32
		{46221B03-5704-4982-99AC-70047BC77A6A}.Release|x86.Build.0 = Release|Win32
		{A2682DEE-D28F-45C7-9230-112E31166DE8}.Debug|x64.ActiveCfg = Debug|x64
		{A2682DEE-D28F-45C7-9230-112E31166DE8}.Debug|x64.Build.0 = Debug|x64
		{A2682DEE-D28F-45C7-9230-112E31166DE8}.Debug|x86.ActiveCfg = Debug|Win32
		{A2682DEE-D28F-45C7-9230-112E31166DE8}.Debug|x86.Build.0 = Debug|Win32
		{A2682DEE-D28F-45C7-9230-112E31166DE8}.Release|x64.ActiveCfg = Release|x64
		{A2682DEE-D28F-45C7-9230-112E31166DE8}.Release|x64.Build.0 = Release|x64
		{A2682DEE-D28F-45C7-9230-112E31166DE8}.Release|x86.ActiveCfg = Release|Win32
		{A2682DEE-D28F-45C7-9230-112E31166DE8}.Release|x86.Build.0 = Release|Win32
		{C54B2527-2CEE-4EDE-A56E-393EE2FB2E0C}.Debug|x64.ActiveCfg = Debug|x64
		{C54B2527-2CEE-4EDE-A56E-393EE2FB2E0C}.Debug|x64.Build.0 = Debug|x64
		{C54B2527-2CEE-4EDE-A56E-393EE2FB2E0C}.Debug|x86.ActiveCfg = Debug|Win32
		{C54B2527-2CEE-4EDE-A56E-393EE2FB2E0C}.Debug|x86.Build.0 = Debug|Win32
		{C54B2527-2CEE-4EDE-A56E-393EE2FB2E0C}.Release|x64.ActiveCfg = Release|x64
		{C54B2527-2CEE-4EDE-A56E-393EE2FB2E0C}.Release|x64.Build.0 = Release|x64
		{C54B2527-2CEE-4EDE-A56E-393EE2FB2E0C}.Release|x86.ActiveCfg = Release|Win32
		{C54B2527-2CEE-4EDE-A56E-393EE2FB2E0C}.Release|x86.Build.0 = Release|Win32
		{40EE2AB8-6F05-4647-B950-B71F83A1D9CC}.Debug|x64.ActiveCfg = Debug|x64
		{40EE2AB8-6F05-4647-B950-B71F83A1D9CC}.Debug|x64.Build.0 = Debug|x64
		{40EE2AB8-6F05-4647-B950-B71F83A1D9CC}.Debug|x86.ActiveCfg = Debug|Win32
		{40EE2AB8-6F05-4647-B950-B71F83A1D9CC}.Debug|x86.Build.0 = Debug|Win32
		{40EE2AB8-6F05-4647-B950-B71F83A1D9CC}.Release|x64.ActiveCfg = Release|x64
		{40EE2AB8-6F05-4647-B950-B71F83A1D9CC}.Release|x64.Build.0 = Release|x64
		{40EE2AB8-6F05-4647-B950-B71F83A1D9CC}.Release|x86.ActiveCfg = Release|Win32
		{40EE2AB8-6F05-4647-B950-B71F83A1D9CC}.Release|x86.Build.0 = Release|Win32
		{76E9AC10-D04C-47E1-AA53-DE0E0A140B98}.Debug|x64.ActiveCfg = Debug|x64
		{76E9AC10-D04C-47E1-AA53-DE0E0A140B98}.Debug|x64.Build.0 = Debug|x64
		{76E9AC10-D04C-47E1-AA53-DE0E0A140B98}.Debug|x86.ActiveCfg = Debug|Win32
		{76E9AC10-D04C-47E1-AA53-DE0E0A140B98}.Debug|x86.Build.0 = Debug|Win32
		{76E9AC10-D04C-47E1-AA53-DE0E0A140B98}.Release|x64.ActiveCfg = Release|x64
		{76E9AC10-D04C-47E1-AA53-DE0E0A140B98}.Release|x64.Build.0 = Release|x64
		{76E9AC10-D04C-47E1-AA53-DE0E0A140B98}.Release|x86.ActiveCfg = Release|Win32
		{76E9AC10-D04C-47E1-AA53-DE0E0A140B98}.Release|x86.Build.0 = Release|Win32
		{EB211229-299F-441E-83FC-E5571524644D}.Debug|x64.ActiveCfg = Debug|x64
		{EB211229-299F-441E-83FC-E5571524644D}.Debug|x64.Build.0 = Debug|x64
		{EB211229-299F-441E-83FC-E5571524644D}.Debug|x86.ActiveCfg = Debug|Win32
		{EB211229-299F-441E-83FC-E5571524644D}.Debug|x86.Build.0 = Debug|Win32
		{EB211229-299F-441E-83FC-E5571524644D}.Release|x64.ActiveCfg = Release|x64
		{EB211229-299F-441E-83FC-E5571524644D}.Release|x64.Build.0 = Release|x64
		{EB211229-299F-441E-83FC-E5571524644D}.Release|x86.ActiveCfg = Release|Win32
		{EB211229-299F-441E-83FC-E5571524644D}.Release|x86.Build.0 = Release|Win32
		{7E5075BE-9B63-4BB1-AE5F-19208803700E}.Debug|x64.ActiveCfg = Debug|x64
		{7E5075BE-9B63-4BB1-AE5F-19208803700E}.Debug|x64.Build.0 = Debug|x64
		{7E5075BE-9B63-4BB1-AE5F-19208803700E}.Debug|x86.ActiveCfg = Debug|Win32
		{7E5075BE-9B63-4BB1-AE5F-19208803700E}.Debug|x86.Build.0 = Debug|Win32
		{7E5075BE-9B63-4BB1-AE5F-19208803700E}.Release|x64.ActiveCfg = Release|x64
		{7E5075BE-9B63-4BB1-AE5F-19208803700E}.Release|x64.Build.0 = Release|x64
		{7E5075BE-9B63-4BB1-AE5F-19208803700E}.Release|x86.ActiveCfg = Release|Win32
		{7E5075BE-9B63-4BB1-AE5F-19208803700E}.Release|x86.Build.0 = Release|Win32
		{CB2BCDB2-790F-4365-BCE4-72DD4F74EFE4}.Debug|x64.ActiveCfg = Debug|x64
		{CB2BCDB2-790F-4365-BCE4-72DD4F74EFE4}.Debug|x64.Build.0 = Debug|x64
		{CB2BCDB2-790F-4365-BCE4-72DD4F74EFE4}.Debug|x86.ActiveCfg = Debug|Win32
		{CB2BCDB2-790F-4365-BCE4-72DD4F74EFE4}.Debug|x86.Build.0 = Debug|Win32
		{CB2BCDB2-790F-4365-BCE4-72DD4F74EFE4}.Release|x64.ActiveCfg = Release|x64
		{CB2BCDB2-790F-4365-BCE4-72DD4F74EFE4}.Release|x64.Build.0 = Release|x64
		{CB2BCDB2-790F-4365-BCE4-72DD4F74EFE4}.Release|x86.ActiveCfg = Release|Win32
		{CB2BCDB2-790F-4365-BCE4-72DD4F74EFE4}.Release|x86.Build.0 = Release|Win32
		{3344E44C-4E9E-4707-9106-0FDD60EFBF8C}.Debug|x64.ActiveCfg = Debug|x64
		{3344E44C-4E9E-4707-9106-0FDD60EFBF8C}.Debug|x64.Build.0 = Debug|x64
		{3344E44C-4E9E-4707-9106-0FDD60EFBF8C}.Debug|x86.ActiveCfg = Debug|Win32
		{3344E44C-4E9E-4707-9106-0FDD60EFBF8C}.Debug|x86.Build.0 = Debug|Win32
		{3344E44C-4E9E-4707-9106-0FDD60EFBF8C}.Release|x64.ActiveCfg = Release|x64
		{3344E44C-4E9E-4707-9106-0FDD60EFBF8C}.Release|x64.Build.0 = Release|x64
		{3344E44C-4E9E-4707-9106-0FDD60EFBF8C}.Release|x86.ActiveCfg = Release|Win32
		{3344E44C-4E9E-4707-9106-0FDD60EFBF8C}.Release|x86.Build.0 = Release|Win32
		{6286A03E-7CB7-412F-8CFD-6BDF6B90DBBE}.Debug|x64.ActiveCfg = Debug|x64
		{6286A03E-7CB7-412F-8CFD-6BDF6B90DBBE}.Debug|x64.Build.0 = Debug|x64
		{6286A03E-7CB7-412F-8CFD-6BDF6B90DBBE}.Debug|x86.ActiveCfg = Debug|Win32
		{6286A03E-7CB7-412F-8CFD-6BDF6B90DBBE}.Debug|x86.Build.0 = Debug|Win32
		{6286A03E-7CB7-412F-8CFD-6BDF6B90DBBE}.Release|x64.ActiveCfg = Release|x64
		{6286A03E-7CB7-412F-8CFD-6BDF6B90DBBE}.Release|x64.Build.0 = Release|x64
		{6286A03E-7CB7-412F-8CFD-6BDF6B90DBBE}.Release|x86.ActiveCfg = Release|Win32
		{6286A03E-7CB7-412F-8CFD-6BDF6B90DBBE}.Release|x86.Build.0 = Release|Win32
		{2C28A694-0243-4556-87BD-ACA3991D8AC5}.Debug|x64.ActiveCfg = Debug|x64
		{2C28A694-0243-4556-87BD-ACA3991D8AC5}.Debug|x64.Build.0 = Debug|x64
		{2C28A694-0243-4556-87BD-ACA3991D8AC5}.Debug|x86.ActiveCfg = Debug|Win32
		{2C28A694-0243-4556-87BD-ACA3991D8AC5}.Debug|x86.Build.0 = Debug|Win32
		{2C28A694-0243-4556-87BD-ACA3991D8AC5}.Release|x64.ActiveCfg = Release|x64
		{2C28A694-0243-4556-87BD-ACA3991D8AC5}.Release|x64.Build.0 = Release|x64
		{2C28A694-0243-4556-87BD-ACA3991D8AC5}.Release|x86.ActiveCfg = Release|Win32
		{2C28A694-0243-4556-87BD-ACA3991D8AC5}.Release|x86.Build.0 = Release|Win32
		{1B6F1EB4-6AAA-4B7E-BDBB-271B810CD7F9}.Debug|x64.ActiveCfg = Debug|x64
		{1B6F1EB4-6AAA-4B7E-BDBB-271B810CD7F9}.Debug|x64.Build.0 = Debug|x64
		{1B6F1EB4-6AAA-4B7E-BDBB-271B810CD7F9}.Debug|x86.ActiveCfg = Debug|Win32
		{1B6F1EB4-6AAA-4B7E-BDBB-271B810CD7F9}.Debug|x86.Build.0 = Debug|Win32
		{1B6F1EB4-6AAA-4B7E-BDBB-271B810CD7F9}.Release|x64.ActiveCfg = Release|x64
		{1B6F1EB4-6AAA-4B7E-BDBB-271B810CD7F9}.Release|x64.Build.0 = Release|x64
		{1B6F1EB4-6AAA-4B7E-BDBB-271B810CD7F9}.Release|x86.ActiveCfg = Release|Win32
		{1B6F1EB4-6AAA-4B7E-BDBB-271B810CD7F9}.Release|x86.Build.0 = Release|Win32
		{8688E9CA-D941-4F83-9E2C-3012025B0C31}.Debug|x64.ActiveCfg = Debug|x64
		{8688E9CA-D941-4F83-9E2C-3012025B0C31}.Debug|x64.Build.0 = Debug|x64
		{8688E9CA-D941-4F83-9E2C-3012025B0C31}.Debug|x86.ActiveCfg = Debug|Win32
		{8688E9CA-D941-4F83-9E2C-3012025B0C31}.Debug|x86.Build.0 = Debug|Win32
		{8688E9CA-D941-4F83-9E2C-3012025B0C31}.Release|x64.ActiveCfg = Release|x64
		{8688E9CA-D941-4F83-9E2C-3012025B0C31}.Release|x64.Build.0 = Release|x64
		{8688E9CA-D941-4F83-9E2C-3012025B0C31}.Release|x86.ActiveCfg = Release|Win32
		{8688E9CA-D941-4F83-9E2C-3012025B0C31}.Release|x86.Build.0 = Release|Win32
		{303488AC-4CCB-4EBC-AC1C-0681E3E86049}.Debug|x64.ActiveCfg = Debug|x64
		{303488AC-4CCB-4EBC-AC1C-0681E3E86049}.Debug|x64.Build.0 = Debug|x64
		{303488AC-4CCB-4EBC-AC1C-0681E3E86049}.Debug|x86.ActiveCfg = Debug|Win32
		{303488AC-4CCB-4EBC-AC1C-0681E3E86049}.Debug|x86.Build.0 = Debug|Win32
		{303488AC-4CCB-4EBC-AC1C-0681E3E86049}.Release|x64.ActiveCfg = Release|x64
		{303488AC-4CCB-4EBC-AC1C-0681E3E86049}.Release|x64.Build.0 = Release|x64
		{303488AC-4CCB-4EBC-AC1C-0681E3E86049}.Release|x86.ActiveCfg = Release|Win32
		{303488AC-4CCB-4EBC-AC1C-0681E3E86049}.Release|x86.Build.0 = Release|Win32
		{AA9D217C-3F16-49DA-9ECA-27582E809ACD}.Debug|x64.ActiveCfg = Debug|x64
		{AA9D217C-3F16-49DA-9ECA-27582E809ACD}.Debug|x64.Build.0 = Debug|x64
		{AA9D217C-3F16-49DA-9ECA-27582E809ACD}.Debug|x86.ActiveCfg = Debug|Win32
		{AA9D217C-3F16-49DA-9ECA-27582E809ACD}.Debug|x86.Build.0 = Debug|Win32
		{AA9D217C-3F16-49DA-9ECA-27582E809ACD}.Release|x64.ActiveCfg = Release|x64
		{AA9D217C-3F16-49DA-9ECA-27582E809ACD}.Release|x64.Build.0 = Release|x64
		{AA9D217C-3F16-49DA-9ECA-27582E809ACD}.Release|x86.ActiveCfg = Release|Win32
		{AA9D217C-3F16-49DA-9ECA-27582E809ACD}.Release|x86.Build.0 = Release|Win32
	EndGlobalSection
	GlobalSection(SolutionProperties) = preSolution
		HideSolutionNode = FALSE
	EndGlobalSection
	GlobalSection(ExtensibilityGlobals) = postSolution
		SolutionGuid = {64C08A5E-DF66-4A14-B8E1-C4650923FFB9}
	EndGlobalSection
EndGlobal
