
Microsoft Visual Studio Solution File, Format Version 12.00
# Visual Studio Version 16
VisualStudioVersion = 16.0.29009.5
MinimumVisualStudioVersion = 10.0.40219.1
Project("{8BC9CEB8-8B4A-11D0-8D11-00A0C91BC942}") = "Task_1", "Task_1\Task_1.vcxproj", "{B91D1F2F-1D08-4BF7-8AB4-578739CE4AA5}"
EndProject
Project("{8BC9CEB8-8B4A-11D0-8D11-00A0C91BC942}") = "Task_2", "Task_2\Task_2.vcxproj", "{01CC192E-56F5-4D48-826A-0960A1275F4A}"
EndProject
Project("{8BC9CEB8-8B4A-11D0-8D11-00A0C91BC942}") = "Task_3", "Task_3\Task_3.vcxproj", "{E8A9C2A6-7F1D-4454-B84E-68E3D8CE16AD}"
EndProject
Project("{8BC9CEB8-8B4A-11D0-8D11-00A0C91BC942}") = "Task_4", "Task_4\Task_4.vcxproj", "{32120279-2807-4553-89F3-97F5F81D02DE}"
EndProject
Project("{8BC9CEB8-8B4A-11D0-8D11-00A0C91BC942}") = "Task_5", "Task_5\Task_5.vcxproj", "{A0DA4F7A-AA19-4910-A128-C9AD25778DF4}"
EndProject
Project("{8BC9CEB8-8B4A-11D0-8D11-00A0C91BC942}") = "Task_6", "Task_6\Task_6.vcxproj", "{F28144A7-9559-44F7-80C3-CFFBE8D20C09}"
EndProject
Project("{8BC9CEB8-8B4A-11D0-8D11-00A0C91BC942}") = "Task_7", "Task_7\Task_7.vcxproj", "{59B31079-ECA0-44F0-9ADB-B6BED747E422}"
EndProject
Global
	GlobalSection(SolutionConfigurationPlatforms) = preSolution
		Debug|x64 = Debug|x64
		Debug|x86 = Debug|x86
		Release|x64 = Release|x64
		Release|x86 = Release|x86
	EndGlobalSection
	GlobalSection(ProjectConfigurationPlatforms) = postSolution
		{B91D1F2F-1D08-4BF7-8AB4-578739CE4AA5}.Debug|x64.ActiveCfg = Debug|x64
		{B91D1F2F-1D08-4BF7-8AB4-578739CE4AA5}.Debug|x64.Build.0 = Debug|x64
		{B91D1F2F-1D08-4BF7-8AB4-578739CE4AA5}.Debug|x86.ActiveCfg = Debug|Win32
		{B91D1F2F-1D08-4BF7-8AB4-578739CE4AA5}.Debug|x86.Build.0 = Debug|Win32
		{B91D1F2F-1D08-4BF7-8AB4-578739CE4AA5}.Release|x64.ActiveCfg = Release|x64
		{B91D1F2F-1D08-4BF7-8AB4-578739CE4AA5}.Release|x64.Build.0 = Release|x64
		{B91D1F2F-1D08-4BF7-8AB4-578739CE4AA5}.Release|x86.ActiveCfg = Release|Win32
		{B91D1F2F-1D08-4BF7-8AB4-578739CE4AA5}.Release|x86.Build.0 = Release|Win32
		{01CC192E-56F5-4D48-826A-0960A1275F4A}.Debug|x64.ActiveCfg = Debug|x64
		{01CC192E-56F5-4D48-826A-0960A1275F4A}.Debug|x64.Build.0 = Debug|x64
		{01CC192E-56F5-4D48-826A-0960A1275F4A}.Debug|x86.ActiveCfg = Debug|Win32
		{01CC192E-56F5-4D48-826A-0960A1275F4A}.Debug|x86.Build.0 = Debug|Win32
		{01CC192E-56F5-4D48-826A-0960A1275F4A}.Release|x64.ActiveCfg = Release|x64
		{01CC192E-56F5-4D48-826A-0960A1275F4A}.Release|x64.Build.0 = Release|x64
		{01CC192E-56F5-4D48-826A-0960A1275F4A}.Release|x86.ActiveCfg = Release|Win32
		{01CC192E-56F5-4D48-826A-0960A1275F4A}.Release|x86.Build.0 = Release|Win32
		{E8A9C2A6-7F1D-4454-B84E-68E3D8CE16AD}.Debug|x64.ActiveCfg = Debug|x64
		{E8A9C2A6-7F1D-4454-B84E-68E3D8CE16AD}.Debug|x64.Build.0 = Debug|x64
		{E8A9C2A6-7F1D-4454-B84E-68E3D8CE16AD}.Debug|x86.ActiveCfg = Debug|Win32
		{E8A9C2A6-7F1D-4454-B84E-68E3D8CE16AD}.Debug|x86.Build.0 = Debug|Win32
		{E8A9C2A6-7F1D-4454-B84E-68E3D8CE16AD}.Release|x64.ActiveCfg = Release|x64
		{E8A9C2A6-7F1D-4454-B84E-68E3D8CE16AD}.Release|x64.Build.0 = Release|x64
		{E8A9C2A6-7F1D-4454-B84E-68E3D8CE16AD}.Release|x86.ActiveCfg = Release|Win32
		{E8A9C2A6-7F1D-4454-B84E-68E3D8CE16AD}.Release|x86.Build.0 = Release|Win32
		{32120279-2807-4553-89F3-97F5F81D02DE}.Debug|x64.ActiveCfg = Debug|x64
		{32120279-2807-4553-89F3-97F5F81D02DE}.Debug|x64.Build.0 = Debug|x64
		{32120279-2807-4553-89F3-97F5F81D02DE}.Debug|x86.ActiveCfg = Debug|Win32
		{32120279-2807-4553-89F3-97F5F81D02DE}.Debug|x86.Build.0 = Debug|Win32
		{32120279-2807-4553-89F3-97F5F81D02DE}.Release|x64.ActiveCfg = Release|x64
		{32120279-2807-4553-89F3-97F5F81D02DE}.Release|x64.Build.0 = Release|x64
		{32120279-2807-4553-89F3-97F5F81D02DE}.Release|x86.ActiveCfg = Release|Win32
		{32120279-2807-4553-89F3-97F5F81D02DE}.Release|x86.Build.0 = Release|Win32
		{A0DA4F7A-AA19-4910-A128-C9AD25778DF4}.Debug|x64.ActiveCfg = Debug|x64
		{A0DA4F7A-AA19-4910-A128-C9AD25778DF4}.Debug|x64.Build.0 = Debug|x64
		{A0DA4F7A-AA19-4910-A128-C9AD25778DF4}.Debug|x86.ActiveCfg = Debug|Win32
		{A0DA4F7A-AA19-4910-A128-C9AD25778DF4}.Debug|x86.Build.0 = Debug|Win32
		{A0DA4F7A-AA19-4910-A128-C9AD25778DF4}.Release|x64.ActiveCfg = Release|x64
		{A0DA4F7A-AA19-4910-A128-C9AD25778DF4}.Release|x64.Build.0 = Release|x64
		{A0DA4F7A-AA19-4910-A128-C9AD25778DF4}.Release|x86.ActiveCfg = Release|Win32
		{A0DA4F7A-AA19-4910-A128-C9AD25778DF4}.Release|x86.Build.0 = Release|Win32
		{F28144A7-9559-44F7-80C3-CFFBE8D20C09}.Debug|x64.ActiveCfg = Debug|x64
		{F28144A7-9559-44F7-80C3-CFFBE8D20C09}.Debug|x64.Build.0 = Debug|x64
		{F28144A7-9559-44F7-80C3-CFFBE8D20C09}.Debug|x86.ActiveCfg = Debug|Win32
		{F28144A7-9559-44F7-80C3-CFFBE8D20C09}.Debug|x86.Build.0 = Debug|Win32
		{F28144A7-9559-44F7-80C3-CFFBE8D20C09}.Release|x64.ActiveCfg = Release|x64
		{F28144A7-9559-44F7-80C3-CFFBE8D20C09}.Release|x64.Build.0 = Release|x64
		{F28144A7-9559-44F7-80C3-CFFBE8D20C09}.Release|x86.ActiveCfg = Release|Win32
		{F28144A7-9559-44F7-80C3-CFFBE8D20C09}.Release|x86.Build.0 = Release|Win32
		{59B31079-ECA0-44F0-9ADB-B6BED747E422}.Debug|x64.ActiveCfg = Debug|x64
		{59B31079-ECA0-44F0-9ADB-B6BED747E422}.Debug|x64.Build.0 = Debug|x64
		{59B31079-ECA0-44F0-9ADB-B6BED747E422}.Debug|x86.ActiveCfg = Debug|Win32
		{59B31079-ECA0-44F0-9ADB-B6BED747E422}.Debug|x86.Build.0 = Debug|Win32
		{59B31079-ECA0-44F0-9ADB-B6BED747E422}.Release|x64.ActiveCfg = Release|x64
		{59B31079-ECA0-44F0-9ADB-B6BED747E422}.Release|x64.Build.0 = Release|x64
		{59B31079-ECA0-44F0-9ADB-B6BED747E422}.Release|x86.ActiveCfg = Release|Win32
		{59B31079-ECA0-44F0-9ADB-B6BED747E422}.Release|x86.Build.0 = Release|Win32
	EndGlobalSection
	GlobalSection(SolutionProperties) = preSolution
		HideSolutionNode = FALSE
	EndGlobalSection
	GlobalSection(ExtensibilityGlobals) = postSolution
		SolutionGuid = {F685865B-3806-4A4D-B4C8-1800C8F09D95}
	EndGlobalSection
EndGlobal
