
Microsoft Visual Studio Solution File, Format Version 12.00
# Visual Studio Version 16
VisualStudioVersion = 16.0.29123.88
MinimumVisualStudioVersion = 10.0.40219.1
Project("{8BC9CEB8-8B4A-11D0-8D11-00A0C91BC942}") = "Task_1", "Task_1\Task_1.vcxproj", "{1DBEEDC2-B361-4B66-835F-70AF79D0B22A}"
EndProject
Project("{8BC9CEB8-8B4A-11D0-8D11-00A0C91BC942}") = "Task_2", "Task_2\Task_2.vcxproj", "{1441F3D3-608D-40C6-8070-4095FF5CEC91}"
EndProject
Project("{8BC9CEB8-8B4A-11D0-8D11-00A0C91BC942}") = "Task_3", "Task_3\Task_3.vcxproj", "{B63F08A1-D27E-46F5-B77C-128258B7F5D1}"
EndProject
Project("{8BC9CEB8-8B4A-11D0-8D11-00A0C91BC942}") = "Task_4", "Task_4\Task_4.vcxproj", "{FF6EB8EF-0368-4418-AA4B-0E36C6E2C1EE}"
EndProject
Project("{8BC9CEB8-8B4A-11D0-8D11-00A0C91BC942}") = "Task_5", "Task_5\Task_5.vcxproj", "{B3230EED-60C5-49FA-BD91-ACE62DEA7E54}"
EndProject
Project("{8BC9CEB8-8B4A-11D0-8D11-00A0C91BC942}") = "Task_6", "Task_6\Task_6.vcxproj", "{E5301638-ED31-43AF-AE95-408FB9322ED3}"
EndProject
Project("{8BC9CEB8-8B4A-11D0-8D11-00A0C91BC942}") = "Task_7", "Task_7\Task_7.vcxproj", "{1CBBB14B-BB88-4CC4-BBC6-248F531780D3}"
EndProject
Project("{8BC9CEB8-8B4A-11D0-8D11-00A0C91BC942}") = "Task_8", "Task_8\Task_8.vcxproj", "{420F5C08-047A-48D7-99C7-5E935D5D62D3}"
EndProject
Global
	GlobalSection(SolutionConfigurationPlatforms) = preSolution
		Debug|x64 = Debug|x64
		Debug|x86 = Debug|x86
		Release|x64 = Release|x64
		Release|x86 = Release|x86
	EndGlobalSection
	GlobalSection(ProjectConfigurationPlatforms) = postSolution
		{1DBEEDC2-B361-4B66-835F-70AF79D0B22A}.Debug|x64.ActiveCfg = Debug|x64
		{1DBEEDC2-B361-4B66-835F-70AF79D0B22A}.Debug|x64.Build.0 = Debug|x64
		{1DBEEDC2-B361-4B66-835F-70AF79D0B22A}.Debug|x86.ActiveCfg = Debug|Win32
		{1DBEEDC2-B361-4B66-835F-70AF79D0B22A}.Debug|x86.Build.0 = Debug|Win32
		{1DBEEDC2-B361-4B66-835F-70AF79D0B22A}.Release|x64.ActiveCfg = Release|x64
		{1DBEEDC2-B361-4B66-835F-70AF79D0B22A}.Release|x64.Build.0 = Release|x64
		{1DBEEDC2-B361-4B66-835F-70AF79D0B22A}.Release|x86.ActiveCfg = Release|Win32
		{1DBEEDC2-B361-4B66-835F-70AF79D0B22A}.Release|x86.Build.0 = Release|Win32
		{1441F3D3-608D-40C6-8070-4095FF5CEC91}.Debug|x64.ActiveCfg = Debug|x64
		{1441F3D3-608D-40C6-8070-4095FF5CEC91}.Debug|x64.Build.0 = Debug|x64
		{1441F3D3-608D-40C6-8070-4095FF5CEC91}.Debug|x86.ActiveCfg = Debug|Win32
		{1441F3D3-608D-40C6-8070-4095FF5CEC91}.Debug|x86.Build.0 = Debug|Win32
		{1441F3D3-608D-40C6-8070-4095FF5CEC91}.Release|x64.ActiveCfg = Release|x64
		{1441F3D3-608D-40C6-8070-4095FF5CEC91}.Release|x64.Build.0 = Release|x64
		{1441F3D3-608D-40C6-8070-4095FF5CEC91}.Release|x86.ActiveCfg = Release|Win32
		{1441F3D3-608D-40C6-8070-4095FF5CEC91}.Release|x86.Build.0 = Release|Win32
		{B63F08A1-D27E-46F5-B77C-128258B7F5D1}.Debug|x64.ActiveCfg = Debug|x64
		{B63F08A1-D27E-46F5-B77C-128258B7F5D1}.Debug|x64.Build.0 = Debug|x64
		{B63F08A1-D27E-46F5-B77C-128258B7F5D1}.Debug|x86.ActiveCfg = Debug|Win32
		{B63F08A1-D27E-46F5-B77C-128258B7F5D1}.Debug|x86.Build.0 = Debug|Win32
		{B63F08A1-D27E-46F5-B77C-128258B7F5D1}.Release|x64.ActiveCfg = Release|x64
		{B63F08A1-D27E-46F5-B77C-128258B7F5D1}.Release|x64.Build.0 = Release|x64
		{B63F08A1-D27E-46F5-B77C-128258B7F5D1}.Release|x86.ActiveCfg = Release|Win32
		{B63F08A1-D27E-46F5-B77C-128258B7F5D1}.Release|x86.Build.0 = Release|Win32
		{FF6EB8EF-0368-4418-AA4B-0E36C6E2C1EE}.Debug|x64.ActiveCfg = Debug|x64
		{FF6EB8EF-0368-4418-AA4B-0E36C6E2C1EE}.Debug|x64.Build.0 = Debug|x64
		{FF6EB8EF-0368-4418-AA4B-0E36C6E2C1EE}.Debug|x86.ActiveCfg = Debug|Win32
		{FF6EB8EF-0368-4418-AA4B-0E36C6E2C1EE}.Debug|x86.Build.0 = Debug|Win32
		{FF6EB8EF-0368-4418-AA4B-0E36C6E2C1EE}.Release|x64.ActiveCfg = Release|x64
		{FF6EB8EF-0368-4418-AA4B-0E36C6E2C1EE}.Release|x64.Build.0 = Release|x64
		{FF6EB8EF-0368-4418-AA4B-0E36C6E2C1EE}.Release|x86.ActiveCfg = Release|Win32
		{FF6EB8EF-0368-4418-AA4B-0E36C6E2C1EE}.Release|x86.Build.0 = Release|Win32
		{B3230EED-60C5-49FA-BD91-ACE62DEA7E54}.Debug|x64.ActiveCfg = Debug|x64
		{B3230EED-60C5-49FA-BD91-ACE62DEA7E54}.Debug|x64.Build.0 = Debug|x64
		{B3230EED-60C5-49FA-BD91-ACE62DEA7E54}.Debug|x86.ActiveCfg = Debug|Win32
		{B3230EED-60C5-49FA-BD91-ACE62DEA7E54}.Debug|x86.Build.0 = Debug|Win32
		{B3230EED-60C5-49FA-BD91-ACE62DEA7E54}.Release|x64.ActiveCfg = Release|x64
		{B3230EED-60C5-49FA-BD91-ACE62DEA7E54}.Release|x64.Build.0 = Release|x64
		{B3230EED-60C5-49FA-BD91-ACE62DEA7E54}.Release|x86.ActiveCfg = Release|Win32
		{B3230EED-60C5-49FA-BD91-ACE62DEA7E54}.Release|x86.Build.0 = Release|Win32
		{E5301638-ED31-43AF-AE95-408FB9322ED3}.Debug|x64.ActiveCfg = Debug|x64
		{E5301638-ED31-43AF-AE95-408FB9322ED3}.Debug|x64.Build.0 = Debug|x64
		{E5301638-ED31-43AF-AE95-408FB9322ED3}.Debug|x86.ActiveCfg = Debug|Win32
		{E5301638-ED31-43AF-AE95-408FB9322ED3}.Debug|x86.Build.0 = Debug|Win32
		{E5301638-ED31-43AF-AE95-408FB9322ED3}.Release|x64.ActiveCfg = Release|x64
		{E5301638-ED31-43AF-AE95-408FB9322ED3}.Release|x64.Build.0 = Release|x64
		{E5301638-ED31-43AF-AE95-408FB9322ED3}.Release|x86.ActiveCfg = Release|Win32
		{E5301638-ED31-43AF-AE95-408FB9322ED3}.Release|x86.Build.0 = Release|Win32
		{1CBBB14B-BB88-4CC4-BBC6-248F531780D3}.Debug|x64.ActiveCfg = Debug|x64
		{1CBBB14B-BB88-4CC4-BBC6-248F531780D3}.Debug|x64.Build.0 = Debug|x64
		{1CBBB14B-BB88-4CC4-BBC6-248F531780D3}.Debug|x86.ActiveCfg = Debug|Win32
		{1CBBB14B-BB88-4CC4-BBC6-248F531780D3}.Debug|x86.Build.0 = Debug|Win32
		{1CBBB14B-BB88-4CC4-BBC6-248F531780D3}.Release|x64.ActiveCfg = Release|x64
		{1CBBB14B-BB88-4CC4-BBC6-248F531780D3}.Release|x64.Build.0 = Release|x64
		{1CBBB14B-BB88-4CC4-BBC6-248F531780D3}.Release|x86.ActiveCfg = Release|Win32
		{1CBBB14B-BB88-4CC4-BBC6-248F531780D3}.Release|x86.Build.0 = Release|Win32
		{420F5C08-047A-48D7-99C7-5E935D5D62D3}.Debug|x64.ActiveCfg = Debug|x64
		{420F5C08-047A-48D7-99C7-5E935D5D62D3}.Debug|x64.Build.0 = Debug|x64
		{420F5C08-047A-48D7-99C7-5E935D5D62D3}.Debug|x86.ActiveCfg = Debug|Win32
		{420F5C08-047A-48D7-99C7-5E935D5D62D3}.Debug|x86.Build.0 = Debug|Win32
		{420F5C08-047A-48D7-99C7-5E935D5D62D3}.Release|x64.ActiveCfg = Release|x64
		{420F5C08-047A-48D7-99C7-5E935D5D62D3}.Release|x64.Build.0 = Release|x64
		{420F5C08-047A-48D7-99C7-5E935D5D62D3}.Release|x86.ActiveCfg = Release|Win32
		{420F5C08-047A-48D7-99C7-5E935D5D62D3}.Release|x86.Build.0 = Release|Win32
	EndGlobalSection
	GlobalSection(SolutionProperties) = preSolution
		HideSolutionNode = FALSE
	EndGlobalSection
	GlobalSection(ExtensibilityGlobals) = postSolution
		SolutionGuid = {DE17457A-AC24-44AE-B9B0-C36CB9D532BE}
	EndGlobalSection
EndGlobal
