
Microsoft Visual Studio Solution File, Format Version 12.00
# Visual Studio 15
VisualStudioVersion = 15.0.28307.329
MinimumVisualStudioVersion = 10.0.40219.1
Project("{8BC9CEB8-8B4A-11D0-8D11-00A0C91BC942}") = "Task_1", "Task_1\Task_1.vcxproj", "{0CF088DE-5EF3-4A01-A588-88A976386946}"
EndProject
Project("{8BC9CEB8-8B4A-11D0-8D11-00A0C91BC942}") = "Task_2", "Task_2\Task_2.vcxproj", "{603D65A1-C585-4169-9042-9DCAA583C26A}"
EndProject
Project("{8BC9CEB8-8B4A-11D0-8D11-00A0C91BC942}") = "Task_3", "Task_3\Task_3.vcxproj", "{79F3D47D-2BD1-47FA-BC72-9195C99A83A0}"
EndProject
Project("{8BC9CEB8-8B4A-11D0-8D11-00A0C91BC942}") = "Task_4", "Task_4\Task_4.vcxproj", "{975E6024-6870-4FBD-B876-75E93423C783}"
EndProject
Project("{8BC9CEB8-8B4A-11D0-8D11-00A0C91BC942}") = "Task_5", "Task_5\Task_5.vcxproj", "{58475506-4902-44C0-AD97-1BFBC17B9494}"
EndProject
Project("{8BC9CEB8-8B4A-11D0-8D11-00A0C91BC942}") = "Task_6", "Task_6\Task_6.vcxproj", "{DAA0F019-F392-43C3-8727-DBE12EBF2007}"
EndProject
Project("{8BC9CEB8-8B4A-11D0-8D11-00A0C91BC942}") = "Task_7", "Task_7\Task_7.vcxproj", "{404AF2AA-33F2-407F-8A8A-3582BF58A90F}"
EndProject
Project("{8BC9CEB8-8B4A-11D0-8D11-00A0C91BC942}") = "Task_8", "Task_8\Task_8.vcxproj", "{31D19FCA-D4BE-4EC6-9E1F-DC0F9D48A5BC}"
EndProject
Project("{8BC9CEB8-8B4A-11D0-8D11-00A0C91BC942}") = "Task_9", "Task_9\Task_9.vcxproj", "{380E31BC-F675-486D-B5C1-28E5C8A9FCA3}"
EndProject
Project("{8BC9CEB8-8B4A-11D0-8D11-00A0C91BC942}") = "Task_10", "Task_10\Task_10.vcxproj", "{8F5246AA-9DC1-4A30-B26E-4F42EB540770}"
EndProject
Project("{8BC9CEB8-8B4A-11D0-8D11-00A0C91BC942}") = "Task_11", "Task_11\Task_11.vcxproj", "{E77C2C39-A93C-44A3-832A-772B034ABC46}"
EndProject
Project("{8BC9CEB8-8B4A-11D0-8D11-00A0C91BC942}") = "Task_12", "Task_12\Task_12.vcxproj", "{4070CD2B-5E51-477A-9940-91D9ACA7B2D4}"
EndProject
Project("{8BC9CEB8-8B4A-11D0-8D11-00A0C91BC942}") = "Task_13", "Task_13\Task_13.vcxproj", "{AB2B38D2-CAA6-428D-867E-B66505AF2E4F}"
EndProject
Project("{8BC9CEB8-8B4A-11D0-8D11-00A0C91BC942}") = "Task_14", "Task_14\Task_14.vcxproj", "{15C8BDE1-FE3C-4DA8-8243-2B771ED3C590}"
EndProject
Project("{8BC9CEB8-8B4A-11D0-8D11-00A0C91BC942}") = "Task_15", "Task_15\Task_15.vcxproj", "{A9D7DE74-C886-44F5-AA3F-80D86CBE451F}"
EndProject
Project("{8BC9CEB8-8B4A-11D0-8D11-00A0C91BC942}") = "Task_16", "Task_16\Task_16.vcxproj", "{3382576D-B3D4-46A1-8F3A-114FBB400D34}"
EndProject
Project("{8BC9CEB8-8B4A-11D0-8D11-00A0C91BC942}") = "Task_17", "Task_17\Task_17.vcxproj", "{CB5C4AE8-FF7E-4DAA-BAED-43A4645998E9}"
EndProject
Project("{8BC9CEB8-8B4A-11D0-8D11-00A0C91BC942}") = "Task_18", "Task_18\Task_18.vcxproj", "{05A3B421-D2F1-439B-9EC6-FAEE685C7215}"
EndProject
Global
	GlobalSection(SolutionConfigurationPlatforms) = preSolution
		Debug|x64 = Debug|x64
		Debug|x86 = Debug|x86
		Release|x64 = Release|x64
		Release|x86 = Release|x86
	EndGlobalSection
	GlobalSection(ProjectConfigurationPlatforms) = postSolution
		{0CF088DE-5EF3-4A01-A588-88A976386946}.Debug|x64.ActiveCfg = Debug|x64
		{0CF088DE-5EF3-4A01-A588-88A976386946}.Debug|x64.Build.0 = Debug|x64
		{0CF088DE-5EF3-4A01-A588-88A976386946}.Debug|x86.ActiveCfg = Debug|Win32
		{0CF088DE-5EF3-4A01-A588-88A976386946}.Debug|x86.Build.0 = Debug|Win32
		{0CF088DE-5EF3-4A01-A588-88A976386946}.Release|x64.ActiveCfg = Release|x64
		{0CF088DE-5EF3-4A01-A588-88A976386946}.Release|x64.Build.0 = Release|x64
		{0CF088DE-5EF3-4A01-A588-88A976386946}.Release|x86.ActiveCfg = Release|Win32
		{0CF088DE-5EF3-4A01-A588-88A976386946}.Release|x86.Build.0 = Release|Win32
		{603D65A1-C585-4169-9042-9DCAA583C26A}.Debug|x64.ActiveCfg = Debug|x64
		{603D65A1-C585-4169-9042-9DCAA583C26A}.Debug|x64.Build.0 = Debug|x64
		{603D65A1-C585-4169-9042-9DCAA583C26A}.Debug|x86.ActiveCfg = Debug|Win32
		{603D65A1-C585-4169-9042-9DCAA583C26A}.Debug|x86.Build.0 = Debug|Win32
		{603D65A1-C585-4169-9042-9DCAA583C26A}.Release|x64.ActiveCfg = Release|x64
		{603D65A1-C585-4169-9042-9DCAA583C26A}.Release|x64.Build.0 = Release|x64
		{603D65A1-C585-4169-9042-9DCAA583C26A}.Release|x86.ActiveCfg = Release|Win32
		{603D65A1-C585-4169-9042-9DCAA583C26A}.Release|x86.Build.0 = Release|Win32
		{79F3D47D-2BD1-47FA-BC72-9195C99A83A0}.Debug|x64.ActiveCfg = Debug|x64
		{79F3D47D-2BD1-47FA-BC72-9195C99A83A0}.Debug|x64.Build.0 = Debug|x64
		{79F3D47D-2BD1-47FA-BC72-9195C99A83A0}.Debug|x86.ActiveCfg = Debug|Win32
		{79F3D47D-2BD1-47FA-BC72-9195C99A83A0}.Debug|x86.Build.0 = Debug|Win32
		{79F3D47D-2BD1-47FA-BC72-9195C99A83A0}.Release|x64.ActiveCfg = Release|x64
		{79F3D47D-2BD1-47FA-BC72-9195C99A83A0}.Release|x64.Build.0 = Release|x64
		{79F3D47D-2BD1-47FA-BC72-9195C99A83A0}.Release|x86.ActiveCfg = Release|Win32
		{79F3D47D-2BD1-47FA-BC72-9195C99A83A0}.Release|x86.Build.0 = Release|Win32
		{975E6024-6870-4FBD-B876-75E93423C783}.Debug|x64.ActiveCfg = Debug|x64
		{975E6024-6870-4FBD-B876-75E93423C783}.Debug|x64.Build.0 = Debug|x64
		{975E6024-6870-4FBD-B876-75E93423C783}.Debug|x86.ActiveCfg = Debug|Win32
		{975E6024-6870-4FBD-B876-75E93423C783}.Debug|x86.Build.0 = Debug|Win32
		{975E6024-6870-4FBD-B876-75E93423C783}.Release|x64.ActiveCfg = Release|x64
		{975E6024-6870-4FBD-B876-75E93423C783}.Release|x64.Build.0 = Release|x64
		{975E6024-6870-4FBD-B876-75E93423C783}.Release|x86.ActiveCfg = Release|Win32
		{975E6024-6870-4FBD-B876-75E93423C783}.Release|x86.Build.0 = Release|Win32
		{58475506-4902-44C0-AD97-1BFBC17B9494}.Debug|x64.ActiveCfg = Debug|x64
		{58475506-4902-44C0-AD97-1BFBC17B9494}.Debug|x64.Build.0 = Debug|x64
		{58475506-4902-44C0-AD97-1BFBC17B9494}.Debug|x86.ActiveCfg = Debug|Win32
		{58475506-4902-44C0-AD97-1BFBC17B9494}.Debug|x86.Build.0 = Debug|Win32
		{58475506-4902-44C0-AD97-1BFBC17B9494}.Release|x64.ActiveCfg = Release|x64
		{58475506-4902-44C0-AD97-1BFBC17B9494}.Release|x64.Build.0 = Release|x64
		{58475506-4902-44C0-AD97-1BFBC17B9494}.Release|x86.ActiveCfg = Release|Win32
		{58475506-4902-44C0-AD97-1BFBC17B9494}.Release|x86.Build.0 = Release|Win32
		{DAA0F019-F392-43C3-8727-DBE12EBF2007}.Debug|x64.ActiveCfg = Debug|x64
		{DAA0F019-F392-43C3-8727-DBE12EBF2007}.Debug|x64.Build.0 = Debug|x64
		{DAA0F019-F392-43C3-8727-DBE12EBF2007}.Debug|x86.ActiveCfg = Debug|Win32
		{DAA0F019-F392-43C3-8727-DBE12EBF2007}.Debug|x86.Build.0 = Debug|Win32
		{DAA0F019-F392-43C3-8727-DBE12EBF2007}.Release|x64.ActiveCfg = Release|x64
		{DAA0F019-F392-43C3-8727-DBE12EBF2007}.Release|x64.Build.0 = Release|x64
		{DAA0F019-F392-43C3-8727-DBE12EBF2007}.Release|x86.ActiveCfg = Release|Win32
		{DAA0F019-F392-43C3-8727-DBE12EBF2007}.Release|x86.Build.0 = Release|Win32
		{404AF2AA-33F2-407F-8A8A-3582BF58A90F}.Debug|x64.ActiveCfg = Debug|x64
		{404AF2AA-33F2-407F-8A8A-3582BF58A90F}.Debug|x64.Build.0 = Debug|x64
		{404AF2AA-33F2-407F-8A8A-3582BF58A90F}.Debug|x86.ActiveCfg = Debug|Win32
		{404AF2AA-33F2-407F-8A8A-3582BF58A90F}.Debug|x86.Build.0 = Debug|Win32
		{404AF2AA-33F2-407F-8A8A-3582BF58A90F}.Release|x64.ActiveCfg = Release|x64
		{404AF2AA-33F2-407F-8A8A-3582BF58A90F}.Release|x64.Build.0 = Release|x64
		{404AF2AA-33F2-407F-8A8A-3582BF58A90F}.Release|x86.ActiveCfg = Release|Win32
		{404AF2AA-33F2-407F-8A8A-3582BF58A90F}.Release|x86.Build.0 = Release|Win32
		{31D19FCA-D4BE-4EC6-9E1F-DC0F9D48A5BC}.Debug|x64.ActiveCfg = Debug|x64
		{31D19FCA-D4BE-4EC6-9E1F-DC0F9D48A5BC}.Debug|x64.Build.0 = Debug|x64
		{31D19FCA-D4BE-4EC6-9E1F-DC0F9D48A5BC}.Debug|x86.ActiveCfg = Debug|Win32
		{31D19FCA-D4BE-4EC6-9E1F-DC0F9D48A5BC}.Debug|x86.Build.0 = Debug|Win32
		{31D19FCA-D4BE-4EC6-9E1F-DC0F9D48A5BC}.Release|x64.ActiveCfg = Release|x64
		{31D19FCA-D4BE-4EC6-9E1F-DC0F9D48A5BC}.Release|x64.Build.0 = Release|x64
		{31D19FCA-D4BE-4EC6-9E1F-DC0F9D48A5BC}.Release|x86.ActiveCfg = Release|Win32
		{31D19FCA-D4BE-4EC6-9E1F-DC0F9D48A5BC}.Release|x86.Build.0 = Release|Win32
		{380E31BC-F675-486D-B5C1-28E5C8A9FCA3}.Debug|x64.ActiveCfg = Debug|x64
		{380E31BC-F675-486D-B5C1-28E5C8A9FCA3}.Debug|x64.Build.0 = Debug|x64
		{380E31BC-F675-486D-B5C1-28E5C8A9FCA3}.Debug|x86.ActiveCfg = Debug|Win32
		{380E31BC-F675-486D-B5C1-28E5C8A9FCA3}.Debug|x86.Build.0 = Debug|Win32
		{380E31BC-F675-486D-B5C1-28E5C8A9FCA3}.Release|x64.ActiveCfg = Release|x64
		{380E31BC-F675-486D-B5C1-28E5C8A9FCA3}.Release|x64.Build.0 = Release|x64
		{380E31BC-F675-486D-B5C1-28E5C8A9FCA3}.Release|x86.ActiveCfg = Release|Win32
		{380E31BC-F675-486D-B5C1-28E5C8A9FCA3}.Release|x86.Build.0 = Release|Win32
		{8F5246AA-9DC1-4A30-B26E-4F42EB540770}.Debug|x64.ActiveCfg = Debug|x64
		{8F5246AA-9DC1-4A30-B26E-4F42EB540770}.Debug|x64.Build.0 = Debug|x64
		{8F5246AA-9DC1-4A30-B26E-4F42EB540770}.Debug|x86.ActiveCfg = Debug|Win32
		{8F5246AA-9DC1-4A30-B26E-4F42EB540770}.Debug|x86.Build.0 = Debug|Win32
		{8F5246AA-9DC1-4A30-B26E-4F42EB540770}.Release|x64.ActiveCfg = Release|x64
		{8F5246AA-9DC1-4A30-B26E-4F42EB540770}.Release|x64.Build.0 = Release|x64
		{8F5246AA-9DC1-4A30-B26E-4F42EB540770}.Release|x86.ActiveCfg = Release|Win32
		{8F5246AA-9DC1-4A30-B26E-4F42EB540770}.Release|x86.Build.0 = Release|Win32
		{E77C2C39-A93C-44A3-832A-772B034ABC46}.Debug|x64.ActiveCfg = Debug|x64
		{E77C2C39-A93C-44A3-832A-772B034ABC46}.Debug|x64.Build.0 = Debug|x64
		{E77C2C39-A93C-44A3-832A-772B034ABC46}.Debug|x86.ActiveCfg = Debug|Win32
		{E77C2C39-A93C-44A3-832A-772B034ABC46}.Debug|x86.Build.0 = Debug|Win32
		{E77C2C39-A93C-44A3-832A-772B034ABC46}.Release|x64.ActiveCfg = Release|x64
		{E77C2C39-A93C-44A3-832A-772B034ABC46}.Release|x64.Build.0 = Release|x64
		{E77C2C39-A93C-44A3-832A-772B034ABC46}.Release|x86.ActiveCfg = Release|Win32
		{E77C2C39-A93C-44A3-832A-772B034ABC46}.Release|x86.Build.0 = Release|Win32
		{4070CD2B-5E51-477A-9940-91D9ACA7B2D4}.Debug|x64.ActiveCfg = Debug|x64
		{4070CD2B-5E51-477A-9940-91D9ACA7B2D4}.Debug|x64.Build.0 = Debug|x64
		{4070CD2B-5E51-477A-9940-91D9ACA7B2D4}.Debug|x86.ActiveCfg = Debug|Win32
		{4070CD2B-5E51-477A-9940-91D9ACA7B2D4}.Debug|x86.Build.0 = Debug|Win32
		{4070CD2B-5E51-477A-9940-91D9ACA7B2D4}.Release|x64.ActiveCfg = Release|x64
		{4070CD2B-5E51-477A-9940-91D9ACA7B2D4}.Release|x64.Build.0 = Release|x64
		{4070CD2B-5E51-477A-9940-91D9ACA7B2D4}.Release|x86.ActiveCfg = Release|Win32
		{4070CD2B-5E51-477A-9940-91D9ACA7B2D4}.Release|x86.Build.0 = Release|Win32
		{AB2B38D2-CAA6-428D-867E-B66505AF2E4F}.Debug|x64.ActiveCfg = Debug|x64
		{AB2B38D2-CAA6-428D-867E-B66505AF2E4F}.Debug|x64.Build.0 = Debug|x64
		{AB2B38D2-CAA6-428D-867E-B66505AF2E4F}.Debug|x86.ActiveCfg = Debug|Win32
		{AB2B38D2-CAA6-428D-867E-B66505AF2E4F}.Debug|x86.Build.0 = Debug|Win32
		{AB2B38D2-CAA6-428D-867E-B66505AF2E4F}.Release|x64.ActiveCfg = Release|x64
		{AB2B38D2-CAA6-428D-867E-B66505AF2E4F}.Release|x64.Build.0 = Release|x64
		{AB2B38D2-CAA6-428D-867E-B66505AF2E4F}.Release|x86.ActiveCfg = Release|Win32
		{AB2B38D2-CAA6-428D-867E-B66505AF2E4F}.Release|x86.Build.0 = Release|Win32
		{15C8BDE1-FE3C-4DA8-8243-2B771ED3C590}.Debug|x64.ActiveCfg = Debug|x64
		{15C8BDE1-FE3C-4DA8-8243-2B771ED3C590}.Debug|x64.Build.0 = Debug|x64
		{15C8BDE1-FE3C-4DA8-8243-2B771ED3C590}.Debug|x86.ActiveCfg = Debug|Win32
		{15C8BDE1-FE3C-4DA8-8243-2B771ED3C590}.Debug|x86.Build.0 = Debug|Win32
		{15C8BDE1-FE3C-4DA8-8243-2B771ED3C590}.Release|x64.ActiveCfg = Release|x64
		{15C8BDE1-FE3C-4DA8-8243-2B771ED3C590}.Release|x64.Build.0 = Release|x64
		{15C8BDE1-FE3C-4DA8-8243-2B771ED3C590}.Release|x86.ActiveCfg = Release|Win32
		{15C8BDE1-FE3C-4DA8-8243-2B771ED3C590}.Release|x86.Build.0 = Release|Win32
		{A9D7DE74-C886-44F5-AA3F-80D86CBE451F}.Debug|x64.ActiveCfg = Debug|x64
		{A9D7DE74-C886-44F5-AA3F-80D86CBE451F}.Debug|x64.Build.0 = Debug|x64
		{A9D7DE74-C886-44F5-AA3F-80D86CBE451F}.Debug|x86.ActiveCfg = Debug|Win32
		{A9D7DE74-C886-44F5-AA3F-80D86CBE451F}.Debug|x86.Build.0 = Debug|Win32
		{A9D7DE74-C886-44F5-AA3F-80D86CBE451F}.Release|x64.ActiveCfg = Release|x64
		{A9D7DE74-C886-44F5-AA3F-80D86CBE451F}.Release|x64.Build.0 = Release|x64
		{A9D7DE74-C886-44F5-AA3F-80D86CBE451F}.Release|x86.ActiveCfg = Release|Win32
		{A9D7DE74-C886-44F5-AA3F-80D86CBE451F}.Release|x86.Build.0 = Release|Win32
		{3382576D-B3D4-46A1-8F3A-114FBB400D34}.Debug|x64.ActiveCfg = Debug|x64
		{3382576D-B3D4-46A1-8F3A-114FBB400D34}.Debug|x64.Build.0 = Debug|x64
		{3382576D-B3D4-46A1-8F3A-114FBB400D34}.Debug|x86.ActiveCfg = Debug|Win32
		{3382576D-B3D4-46A1-8F3A-114FBB400D34}.Debug|x86.Build.0 = Debug|Win32
		{3382576D-B3D4-46A1-8F3A-114FBB400D34}.Release|x64.ActiveCfg = Release|x64
		{3382576D-B3D4-46A1-8F3A-114FBB400D34}.Release|x64.Build.0 = Release|x64
		{3382576D-B3D4-46A1-8F3A-114FBB400D34}.Release|x86.ActiveCfg = Release|Win32
		{3382576D-B3D4-46A1-8F3A-114FBB400D34}.Release|x86.Build.0 = Release|Win32
		{CB5C4AE8-FF7E-4DAA-BAED-43A4645998E9}.Debug|x64.ActiveCfg = Debug|x64
		{CB5C4AE8-FF7E-4DAA-BAED-43A4645998E9}.Debug|x64.Build.0 = Debug|x64
		{CB5C4AE8-FF7E-4DAA-BAED-43A4645998E9}.Debug|x86.ActiveCfg = Debug|Win32
		{CB5C4AE8-FF7E-4DAA-BAED-43A4645998E9}.Debug|x86.Build.0 = Debug|Win32
		{CB5C4AE8-FF7E-4DAA-BAED-43A4645998E9}.Release|x64.ActiveCfg = Release|x64
		{CB5C4AE8-FF7E-4DAA-BAED-43A4645998E9}.Release|x64.Build.0 = Release|x64
		{CB5C4AE8-FF7E-4DAA-BAED-43A4645998E9}.Release|x86.ActiveCfg = Release|Win32
		{CB5C4AE8-FF7E-4DAA-BAED-43A4645998E9}.Release|x86.Build.0 = Release|Win32
		{05A3B421-D2F1-439B-9EC6-FAEE685C7215}.Debug|x64.ActiveCfg = Debug|x64
		{05A3B421-D2F1-439B-9EC6-FAEE685C7215}.Debug|x64.Build.0 = Debug|x64
		{05A3B421-D2F1-439B-9EC6-FAEE685C7215}.Debug|x86.ActiveCfg = Debug|Win32
		{05A3B421-D2F1-439B-9EC6-FAEE685C7215}.Debug|x86.Build.0 = Debug|Win32
		{05A3B421-D2F1-439B-9EC6-FAEE685C7215}.Release|x64.ActiveCfg = Release|x64
		{05A3B421-D2F1-439B-9EC6-FAEE685C7215}.Release|x64.Build.0 = Release|x64
		{05A3B421-D2F1-439B-9EC6-FAEE685C7215}.Release|x86.ActiveCfg = Release|Win32
		{05A3B421-D2F1-439B-9EC6-FAEE685C7215}.Release|x86.Build.0 = Release|Win32
	EndGlobalSection
	GlobalSection(SolutionProperties) = preSolution
		HideSolutionNode = FALSE
	EndGlobalSection
	GlobalSection(ExtensibilityGlobals) = postSolution
		SolutionGuid = {B91FE54F-F154-4873-913F-02929A1276EB}
	EndGlobalSection
EndGlobal
